{
  "name": "RAG Project",
  "lockfileVersion": 3,
  "requires": true,
  "packages": {
    "": {
      "dependencies": {
        "chromadb": "^3.5.0"
      }
    },
    "node_modules/chromadb": {
      "version": "3.5.0",
      "resolved": "https://registry.npmjs.org/chromadb/-/chromadb-3.5.0.tgz",
      "integrity": "sha512-A68f2RQjY3R95Pzy0j3ykOu6fi+WWCN1tjbvzrZXZoYQ1d7ZjgWr1FyzitZCeaz/0qmc8y2LEK7QmlxloOAs9Q==",
      "license": "Apache-2.0",
      "dependencies": {
        "semver": "^7.7.1"
      },
      "bin": {
        "chroma": "dist/cli.mjs"
      },
      "engines": {
        "node": ">=20"
      },
      "optionalDependencies": {
        "chromadb-js-bindings-darwin-arm64": "^1.3.4",
        "chromadb-js-bindings-darwin-x64": "^1.3.4",
        "chromadb-js-bindings-linux-arm64-gnu": "^1.3.4",
        "chromadb-js-bindings-linux-x64-gnu": "^1.3.4",
        "chromadb-js-bindings-win32-x64-msvc": "^1.3.4"
      }
    },
    "node_modules/chromadb-js-bindings-darwin-arm64": {
      "version": "1.3.4",
      "resolved": "https://registry.npmjs.org/chromadb-js-bindings-darwin-arm64/-/chromadb-js-bindings-darwin-arm64-1.3.4.tgz",
      "integrity": "sha512-pDdWCcR0hCz3pSDiIijBito7YG6FumewfzYE2mIjSwjrO1CKSfQKLwDdTVK4ZNpVGQa16ePoMX+pg7ShSUARJg==",
      "cpu": [
        "arm64"
      ],
      "license": "MIT",
      "optional": true,
      "os": [
        "darwin"
      ],
      "engines": {
        "node": ">= 10"
      }
    },
    "node_modules/chromadb-js-bindings-darwin-x64": {
      "version": "1.3.4",
      "resolved": "https://registry.npmjs.org/chromadb-js-bindings-darwin-x64/-/chromadb-js-bindings-darwin-x64-1.3.4.tgz",
      "integrity": "sha512-5vKVFXSFo+S9qC9by/7oofjcXqQK4IGHiUnPrvTfc7B52gNlPSKeyDO1wha556COc3KtXSZjICEH0nYBJ8UXng==",
      "cpu": [
        "x64"
      ],
      "license": "MIT",
      "optional": true,
      "os": [
        "darwin"
      ],
      "engines": {
        "node": ">= 10"
      }
    },
    "node_modules/chromadb-js-bindings-linux-arm64-gnu": {
      "version": "1.3.4",
      "resolved": "https://registry.npmjs.org/chromadb-js-bindings-linux-arm64-gnu/-/chromadb-js-bindings-linux-arm64-gnu-1.3.4.tgz",
      "integrity": "sha512-ELiqDZzU5mZd1BvZugGrhoMkVeNyQaa+PGizd06WIpIJVoHY+S+9ZBjdeM6ZkRnL3vTxD79XBrosxNWhzqy/kg==",
      "cpu": [
        "arm64"
      ],
      "libc": [
        "glibc"
      ],
      "license": "MIT",
      "optional": true,
      "os": [
        "linux"
      ],
      "engines": {
        "node": ">= 10"
      }
    },
    "node_modules/chromadb-js-bindings-linux-x64-gnu": {
      "version": "1.3.4",
      "resolved": "https://registry.npmjs.org/chromadb-js-bindings-linux-x64-gnu/-/chromadb-js-bindings-linux-x64-gnu-1.3.4.tgz",
      "integrity": "sha512-HmTUe7PEIaBngCQ70Yyle81z2wYyg9OMgJYyRUNBYCBp4ED6zTmdaOro41Vs/c/h2UyQeBXFIKNmHDeD2Nr2fw==",
      "cpu": [
        "x64"
      ],
      "libc": [
        "glibc"
      ],
      "license": "MIT",
      "optional": true,
      "os": [
        "linux"
      ],
      "engines": {
        "node": ">= 10"
      }
    },
    "node_modules/chromadb-js-bindings-win32-x64-msvc": {
      "version": "1.3.4",
      "resolved": "https://registry.npmjs.org/chromadb-js-bindings-win32-x64-msvc/-/chromadb-js-bindings-win32-x64-msvc-1.3.4.tgz",
      "integrity": "sha512-punrofQRzKspNMxHmv24qoPeRycV2T3KfedekGV4lOuPPG14i6qggS4x/OWLSAK7ozPfBbrzCejvCa5wfvujhQ==",
      "cpu": [
        "x64"
      ],
      "license": "MIT",
      "optional": true,
      "os": [
        "win32"
      ],
      "engines": {
        "node": ">= 10"
      }
    },
    "node_modules/semver": {
      "version": "7.8.5",
      "resolved": "https://registry.npmjs.org/semver/-/semver-7.8.5.tgz",
      "integrity": "sha512-Y7/KDsb8LjooZpwaqGyulO6DQlksgCncchHGk+sZIY4SBvUocMBEFH5Ur1fI4dV+Jvl0w6cjvucaIi40puRioA==",
      "license": "ISC",
      "bin": {
        "semver": "bin/semver.js"
      },
      "engines": {
        "node": ">=10"
      }
    }
  }
}
